
Microsoft Visual Studio Solution File, Format Version 12.00
# Visual Studio Version 17
VisualStudioVersion = 17.11.35327.3
MinimumVisualStudioVersion = 10.0.40219.1
Project("{FAE04EC0-301F-11D3-BF4B-00C04F79EFBC}") = "oopconcepts", "oopconcepts\oopconcepts.csproj", "{81515D70-08CE-4D6D-ADA3-246C1A09B483}"
EndProject
Global
	GlobalSection(SolutionConfigurationPlatforms) = preSolution
		Debug|Any CPU = Debug|Any CPU
		Release|Any CPU = Release|Any CPU
	EndGlobalSection
	GlobalSection(ProjectConfigurationPlatforms) = postSolution
		{81515D70-08CE-4D6D-ADA3-246C1A09B483}.Debug|Any CPU.ActiveCfg = Debug|Any CPU
		{81515D70-08CE-4D6D-ADA3-246C1A09B483}.Debug|Any CPU.Build.0 = Debug|Any CPU
		{81515D70-08CE-4D6D-ADA3-246C1A09B483}.Release|Any CPU.ActiveCfg = Release|Any CPU
		{81515D70-08CE-4D6D-ADA3-246C1A09B483}.Release|Any CPU.Build.0 = Release|Any CPU
	EndGlobalSection
	GlobalSection(SolutionProperties) = preSolution
		HideSolutionNode = FALSE
	EndGlobalSection
	GlobalSection(ExtensibilityGlobals) = postSolution
		SolutionGuid = {10348B13-E58D-40D1-A579-FF13820933C1}
	EndGlobalSection
EndGlobal
